
Microsoft Visual Studio Solution File, Format Version 12.00
# Visual Studio Version 17
VisualStudioVersion = 17.9.34701.34
MinimumVisualStudioVersion = 10.0.40219.1
Project("{FAE04EC0-301F-11D3-BF4B-00C04F79EFBC}") = "03_Queue", "03_Colecoes\03_Queue.csproj", "{931A4F8C-2382-4501-8920-8F13AB475DE7}"
EndProject
Project("{FAE04EC0-301F-11D3-BF4B-00C04F79EFBC}") = "04_Stack", "Stack\04_Stack.csproj", "{92392542-2FB9-46C6-83A8-3C39D44DC478}"
EndProject
Project("{FAE04EC0-301F-11D3-BF4B-00C04F79EFBC}") = "01_Exercicio_Restaurante_Pilha_Fila", "01_Exercicio_Restaurante_Pilha_Fila\01_Exercicio_Restaurante_Pilha_Fila.csproj", "{0DF40706-03FE-446A-A200-1888632AFCFC}"
EndProject
Global
	GlobalSection(SolutionConfigurationPlatforms) = preSolution
		Debug|Any CPU = Debug|Any CPU
		Release|Any CPU = Release|Any CPU
	EndGlobalSection
	GlobalSection(ProjectConfigurationPlatforms) = postSolution
		{931A4F8C-2382-4501-8920-8F13AB475DE7}.Debug|Any CPU.ActiveCfg = Debug|Any CPU
		{931A4F8C-2382-4501-8920-8F13AB475DE7}.Debug|Any CPU.Build.0 = Debug|Any CPU
		{931A4F8C-2382-4501-8920-8F13AB475DE7}.Release|Any CPU.ActiveCfg = Release|Any CPU
		{931A4F8C-2382-4501-8920-8F13AB475DE7}.Release|Any CPU.Build.0 = Release|Any CPU
		{92392542-2FB9-46C6-83A8-3C39D44DC478}.Debug|Any CPU.ActiveCfg = Debug|Any CPU
		{92392542-2FB9-46C6-83A8-3C39D44DC478}.Debug|Any CPU.Build.0 = Debug|Any CPU
		{92392542-2FB9-46C6-83A8-3C39D44DC478}.Release|Any CPU.ActiveCfg = Release|Any CPU
		{92392542-2FB9-46C6-83A8-3C39D44DC478}.Release|Any CPU.Build.0 = Release|Any CPU
		{0DF40706-03FE-446A-A200-1888632AFCFC}.Debug|Any CPU.ActiveCfg = Debug|Any CPU
		{0DF40706-03FE-446A-A200-1888632AFCFC}.Debug|Any CPU.Build.0 = Debug|Any CPU
		{0DF40706-03FE-446A-A200-1888632AFCFC}.Release|Any CPU.ActiveCfg = Release|Any CPU
		{0DF40706-03FE-446A-A200-1888632AFCFC}.Release|Any CPU.Build.0 = Release|Any CPU
	EndGlobalSection
	GlobalSection(SolutionProperties) = preSolution
		HideSolutionNode = FALSE
	EndGlobalSection
	GlobalSection(ExtensibilityGlobals) = postSolution
		SolutionGuid = {FFED932D-7348-4704-B000-51904FFEB5F2}
	EndGlobalSection
EndGlobal
