
Microsoft Visual Studio Solution File, Format Version 12.00
# Visual Studio Version 17
VisualStudioVersion = 17.9.34701.34
MinimumVisualStudioVersion = 10.0.40219.1
Project("{9A19103F-16F7-4668-BE54-9A1E7A4F7556}") = "Zoo", "Zoo\Zoo.csproj", "{4A29002B-C19B-43D2-8BCE-03134444E098}"
EndProject
Project("{FAE04EC0-301F-11D3-BF4B-00C04F79EFBC}") = "Zoologico.Domain", "Zoologico.Model\Zoologico.Domain.csproj", "{E419CB0B-FEEA-4B57-A41F-D483B850EA16}"
EndProject
Project("{FAE04EC0-301F-11D3-BF4B-00C04F79EFBC}") = "Zoologico", "Zoologico\Zoologico.csproj", "{AE72649F-04EC-4C22-9529-FADBBEABBBE5}"
EndProject
Global
	GlobalSection(SolutionConfigurationPlatforms) = preSolution
		Debug|Any CPU = Debug|Any CPU
		Release|Any CPU = Release|Any CPU
	EndGlobalSection
	GlobalSection(ProjectConfigurationPlatforms) = postSolution
		{4A29002B-C19B-43D2-8BCE-03134444E098}.Debug|Any CPU.ActiveCfg = Debug|Any CPU
		{4A29002B-C19B-43D2-8BCE-03134444E098}.Debug|Any CPU.Build.0 = Debug|Any CPU
		{4A29002B-C19B-43D2-8BCE-03134444E098}.Release|Any CPU.ActiveCfg = Release|Any CPU
		{4A29002B-C19B-43D2-8BCE-03134444E098}.Release|Any CPU.Build.0 = Release|Any CPU
		{E419CB0B-FEEA-4B57-A41F-D483B850EA16}.Debug|Any CPU.ActiveCfg = Debug|Any CPU
		{E419CB0B-FEEA-4B57-A41F-D483B850EA16}.Debug|Any CPU.Build.0 = Debug|Any CPU
		{E419CB0B-FEEA-4B57-A41F-D483B850EA16}.Release|Any CPU.ActiveCfg = Release|Any CPU
		{E419CB0B-FEEA-4B57-A41F-D483B850EA16}.Release|Any CPU.Build.0 = Release|Any CPU
		{AE72649F-04EC-4C22-9529-FADBBEABBBE5}.Debug|Any CPU.ActiveCfg = Debug|Any CPU
		{AE72649F-04EC-4C22-9529-FADBBEABBBE5}.Debug|Any CPU.Build.0 = Debug|Any CPU
		{AE72649F-04EC-4C22-9529-FADBBEABBBE5}.Release|Any CPU.ActiveCfg = Release|Any CPU
		{AE72649F-04EC-4C22-9529-FADBBEABBBE5}.Release|Any CPU.Build.0 = Release|Any CPU
	EndGlobalSection
	GlobalSection(SolutionProperties) = preSolution
		HideSolutionNode = FALSE
	EndGlobalSection
	GlobalSection(ExtensibilityGlobals) = postSolution
		SolutionGuid = {E53A8C65-28F6-4D87-A96D-6FE18C559780}
	EndGlobalSection
EndGlobal
