
Microsoft Visual Studio Solution File, Format Version 12.00
# Visual Studio Version 17
VisualStudioVersion = 17.9.34701.34
MinimumVisualStudioVersion = 10.0.40219.1
Project("{FAE04EC0-301F-11D3-BF4B-00C04F79EFBC}") = "01_Classes_Obj_Atrib_Metodos", "01_Classes_Obj_Atrib_Metodos\01_Classes_Obj_Atrib_Metodos.csproj", "{251DDA63-4B01-4CB8-897C-55CECEEB4236}"
EndProject
Global
	GlobalSection(SolutionConfigurationPlatforms) = preSolution
		Debug|Any CPU = Debug|Any CPU
		Release|Any CPU = Release|Any CPU
	EndGlobalSection
	GlobalSection(ProjectConfigurationPlatforms) = postSolution
		{251DDA63-4B01-4CB8-897C-55CECEEB4236}.Debug|Any CPU.ActiveCfg = Debug|Any CPU
		{251DDA63-4B01-4CB8-897C-55CECEEB4236}.Debug|Any CPU.Build.0 = Debug|Any CPU
		{251DDA63-4B01-4CB8-897C-55CECEEB4236}.Release|Any CPU.ActiveCfg = Release|Any CPU
		{251DDA63-4B01-4CB8-897C-55CECEEB4236}.Release|Any CPU.Build.0 = Release|Any CPU
	EndGlobalSection
	GlobalSection(SolutionProperties) = preSolution
		HideSolutionNode = FALSE
	EndGlobalSection
	GlobalSection(ExtensibilityGlobals) = postSolution
		SolutionGuid = {F85398F3-4BD2-4665-BA61-3978F622F883}
	EndGlobalSection
EndGlobal
