
Microsoft Visual Studio Solution File, Format Version 12.00
# Visual Studio Version 17
VisualStudioVersion = 17.9.34701.34
MinimumVisualStudioVersion = 10.0.40219.1
Project("{FAE04EC0-301F-11D3-BF4B-00C04F79EFBC}") = "Excessoes", "Exception\Excessoes.csproj", "{5678737C-B72E-45CA-84C2-1B7BC63A38B2}"
EndProject
Project("{FAE04EC0-301F-11D3-BF4B-00C04F79EFBC}") = "Excessoes_customizadas", "Excessoes_customizadas\Excessoes_customizadas.csproj", "{09D1B21E-072C-43EB-8E9D-37EDF5919A01}"
EndProject
Global
	GlobalSection(SolutionConfigurationPlatforms) = preSolution
		Debug|Any CPU = Debug|Any CPU
		Release|Any CPU = Release|Any CPU
	EndGlobalSection
	GlobalSection(ProjectConfigurationPlatforms) = postSolution
		{5678737C-B72E-45CA-84C2-1B7BC63A38B2}.Debug|Any CPU.ActiveCfg = Debug|Any CPU
		{5678737C-B72E-45CA-84C2-1B7BC63A38B2}.Debug|Any CPU.Build.0 = Debug|Any CPU
		{5678737C-B72E-45CA-84C2-1B7BC63A38B2}.Release|Any CPU.ActiveCfg = Release|Any CPU
		{5678737C-B72E-45CA-84C2-1B7BC63A38B2}.Release|Any CPU.Build.0 = Release|Any CPU
		{09D1B21E-072C-43EB-8E9D-37EDF5919A01}.Debug|Any CPU.ActiveCfg = Debug|Any CPU
		{09D1B21E-072C-43EB-8E9D-37EDF5919A01}.Debug|Any CPU.Build.0 = Debug|Any CPU
		{09D1B21E-072C-43EB-8E9D-37EDF5919A01}.Release|Any CPU.ActiveCfg = Release|Any CPU
		{09D1B21E-072C-43EB-8E9D-37EDF5919A01}.Release|Any CPU.Build.0 = Release|Any CPU
	EndGlobalSection
	GlobalSection(SolutionProperties) = preSolution
		HideSolutionNode = FALSE
	EndGlobalSection
	GlobalSection(ExtensibilityGlobals) = postSolution
		SolutionGuid = {A1624D8F-65C8-40EA-B63A-AC44B3559AEE}
	EndGlobalSection
EndGlobal
